// !$*UTF8*$!
{
	archiveVersion = 1;
	classes = {
	};
	objectVersion = 50;
	objects = {

/* Begin PBXBuildFile section */
		B7063A06254EA5A400CC1716 /* LoginViewController.storyboard in Resources */ = {isa = PBXBuildFile; fileRef = B7063A05254EA5A400CC1716 /* LoginViewController.storyboard */; };
		B7063A08254EA62100CC1716 /* LoginViewController.swift in Sources */ = {isa = PBXBuildFile; fileRef = B7063A07254EA62100CC1716 /* LoginViewController.swift */; };
		B7063A0C254F259600CC1716 /* RepositoriesViewCell.swift in Sources */ = {isa = PBXBuildFile; fileRef = B7063A0B254F259600CC1716 /* RepositoriesViewCell.swift */; };
		B7063A10254F27A600CC1716 /* RepositoriesViewController.swift in Sources */ = {isa = PBXBuildFile; fileRef = B7063A0F254F27A600CC1716 /* RepositoriesViewController.swift */; };
		B7063A17254F59E200CC1716 /* CommitsResponse.swift in Sources */ = {isa = PBXBuildFile; fileRef = B7063A16254F59E200CC1716 /* CommitsResponse.swift */; };
		B7063A19254F609F00CC1716 /* RepositryOwner.swift in Sources */ = {isa = PBXBuildFile; fileRef = B7063A18254F609F00CC1716 /* RepositryOwner.swift */; };
		B7063A1B254F61CF00CC1716 /* RepositoryResponse.swift in Sources */ = {isa = PBXBuildFile; fileRef = B7063A1A254F61CF00CC1716 /* RepositoryResponse.swift */; };
		B7063A1D254F870700CC1716 /* RepositoryPermission.swift in Sources */ = {isa = PBXBuildFile; fileRef = B7063A1C254F870700CC1716 /* RepositoryPermission.swift */; };
		B7063A1F254F8A1600CC1716 /* RepositoryLicense.swift in Sources */ = {isa = PBXBuildFile; fileRef = B7063A1E254F8A1600CC1716 /* RepositoryLicense.swift */; };
		B7063A25254FAED000CC1716 /* CommitAuthor.swift in Sources */ = {isa = PBXBuildFile; fileRef = B7063A24254FAED000CC1716 /* CommitAuthor.swift */; };
		B7063A27254FAF3800CC1716 /* CommitCommiter.swift in Sources */ = {isa = PBXBuildFile; fileRef = B7063A26254FAF3800CC1716 /* CommitCommiter.swift */; };
		B7063A29254FAFFB00CC1716 /* Commit.swift in Sources */ = {isa = PBXBuildFile; fileRef = B7063A28254FAFFB00CC1716 /* Commit.swift */; };
		B7063A2B254FB4F400CC1716 /* CommitParents.swift in Sources */ = {isa = PBXBuildFile; fileRef = B7063A2A254FB4F400CC1716 /* CommitParents.swift */; };
		B734B110254E84FB0000AA1B /* AppDelegate.swift in Sources */ = {isa = PBXBuildFile; fileRef = B734B10F254E84FB0000AA1B /* AppDelegate.swift */; };
		B734B112254E84FB0000AA1B /* SceneDelegate.swift in Sources */ = {isa = PBXBuildFile; fileRef = B734B111254E84FB0000AA1B /* SceneDelegate.swift */; };
		B734B119254E850E0000AA1B /* Assets.xcassets in Resources */ = {isa = PBXBuildFile; fileRef = B734B118254E850E0000AA1B /* Assets.xcassets */; };
		B734B11C254E850E0000AA1B /* LaunchScreen.storyboard in Resources */ = {isa = PBXBuildFile; fileRef = B734B11A254E850E0000AA1B /* LaunchScreen.storyboard */; };
		B734B124254E87220000AA1B /* CommitsViewController.storyboard in Resources */ = {isa = PBXBuildFile; fileRef = B734B123254E87220000AA1B /* CommitsViewController.storyboard */; };
		B734B126254E88430000AA1B /* CommitsViewController.swift in Sources */ = {isa = PBXBuildFile; fileRef = B734B125254E88430000AA1B /* CommitsViewController.swift */; };
		B734B128254E88B70000AA1B /* CommitsViewCell.swift in Sources */ = {isa = PBXBuildFile; fileRef = B734B127254E88B70000AA1B /* CommitsViewCell.swift */; };
		FB3645DF7AD2CA2DD8ACED32 /* libPods-GitHubAPI-Swift.a in Frameworks */ = {isa = PBXBuildFile; fileRef = 2D77C47E7D266DCEBA1AA456 /* libPods-GitHubAPI-Swift.a */; };
/* End PBXBuildFile section */

/* Begin PBXFileReference section */
		266B183C67726727001B9C2D /* Pods-GitHubAPI-Swift.release.xcconfig */ = {isa = PBXFileReference; includeInIndex = 1; lastKnownFileType = text.xcconfig; name = "Pods-GitHubAPI-Swift.release.xcconfig"; path = "Target Support Files/Pods-GitHubAPI-Swift/Pods-GitHubAPI-Swift.release.xcconfig"; sourceTree = "<group>"; };
		2D77C47E7D266DCEBA1AA456 /* libPods-GitHubAPI-Swift.a */ = {isa = PBXFileReference; explicitFileType = archive.ar; includeInIndex = 0; path = "libPods-GitHubAPI-Swift.a"; sourceTree = BUILT_PRODUCTS_DIR; };
		B7063A05254EA5A400CC1716 /* LoginViewController.storyboard */ = {isa = PBXFileReference; lastKnownFileType = file.storyboard; path = LoginViewController.storyboard; sourceTree = "<group>"; };
		B7063A07254EA62100CC1716 /* LoginViewController.swift */ = {isa = PBXFileReference; lastKnownFileType = sourcecode.swift; path = LoginViewController.swift; sourceTree = "<group>"; };
		B7063A0B254F259600CC1716 /* RepositoriesViewCell.swift */ = {isa = PBXFileReference; lastKnownFileType = sourcecode.swift; path = RepositoriesViewCell.swift; sourceTree = "<group>"; };
		B7063A0F254F27A600CC1716 /* RepositoriesViewController.swift */ = {isa = PBXFileReference; lastKnownFileType = sourcecode.swift; path = RepositoriesViewController.swift; sourceTree = "<group>"; };
		B7063A16254F59E200CC1716 /* CommitsResponse.swift */ = {isa = PBXFileReference; lastKnownFileType = sourcecode.swift; path = CommitsResponse.swift; sourceTree = "<group>"; };
		B7063A18254F609F00CC1716 /* RepositryOwner.swift */ = {isa = PBXFileReference; lastKnownFileType = sourcecode.swift; path = RepositryOwner.swift; sourceTree = "<group>"; };
		B7063A1A254F61CF00CC1716 /* RepositoryResponse.swift */ = {isa = PBXFileReference; lastKnownFileType = sourcecode.swift; path = RepositoryResponse.swift; sourceTree = "<group>"; };
		B7063A1C254F870700CC1716 /* RepositoryPermission.swift */ = {isa = PBXFileReference; lastKnownFileType = sourcecode.swift; path = RepositoryPermission.swift; sourceTree = "<group>"; };
		B7063A1E254F8A1600CC1716 /* RepositoryLicense.swift */ = {isa = PBXFileReference; lastKnownFileType = sourcecode.swift; path = RepositoryLicense.swift; sourceTree = "<group>"; };
		B7063A24254FAED000CC1716 /* CommitAuthor.swift */ = {isa = PBXFileReference; lastKnownFileType = sourcecode.swift; path = CommitAuthor.swift; sourceTree = "<group>"; };
		B7063A26254FAF3800CC1716 /* CommitCommiter.swift */ = {isa = PBXFileReference; lastKnownFileType = sourcecode.swift; path = CommitCommiter.swift; sourceTree = "<group>"; };
		B7063A28254FAFFB00CC1716 /* Commit.swift */ = {isa = PBXFileReference; lastKnownFileType = sourcecode.swift; path = Commit.swift; sourceTree = "<group>"; };
		B7063A2A254FB4F400CC1716 /* CommitParents.swift */ = {isa = PBXFileReference; lastKnownFileType = sourcecode.swift; path = CommitParents.swift; sourceTree = "<group>"; };
		B734B10C254E84FB0000AA1B /* GitHubAPI-Swift.app */ = {isa = PBXFileReference; explicitFileType = wrapper.application; includeInIndex = 0; path = "GitHubAPI-Swift.app"; sourceTree = BUILT_PRODUCTS_DIR; };
		B734B10F254E84FB0000AA1B /* AppDelegate.swift */ = {isa = PBXFileReference; lastKnownFileType = sourcecode.swift; path = AppDelegate.swift; sourceTree = "<group>"; };
		B734B111254E84FB0000AA1B /* SceneDelegate.swift */ = {isa = PBXFileReference; lastKnownFileType = sourcecode.swift; path = SceneDelegate.swift; sourceTree = "<group>"; };
		B734B118254E850E0000AA1B /* Assets.xcassets */ = {isa = PBXFileReference; lastKnownFileType = folder.assetcatalog; path = Assets.xcassets; sourceTree = "<group>"; };
		B734B11B254E850E0000AA1B /* Base */ = {isa = PBXFileReference; lastKnownFileType = file.storyboard; name = Base; path = Base.lproj/LaunchScreen.storyboard; sourceTree = "<group>"; };
		B734B11D254E850E0000AA1B /* Info.plist */ = {isa = PBXFileReference; lastKnownFileType = text.plist.xml; path = Info.plist; sourceTree = "<group>"; };
		B734B123254E87220000AA1B /* CommitsViewController.storyboard */ = {isa = PBXFileReference; lastKnownFileType = file.storyboard; path = CommitsViewController.storyboard; sourceTree = "<group>"; };
		B734B125254E88430000AA1B /* CommitsViewController.swift */ = {isa = PBXFileReference; lastKnownFileType = sourcecode.swift; path = CommitsViewController.swift; sourceTree = "<group>"; };
		B734B127254E88B70000AA1B /* CommitsViewCell.swift */ = {isa = PBXFileReference; lastKnownFileType = sourcecode.swift; path = CommitsViewCell.swift; sourceTree = "<group>"; };
		DF1F87035E01206D5F517A74 /* Pods-GitHubAPI-Swift.debug.xcconfig */ = {isa = PBXFileReference; includeInIndex = 1; lastKnownFileType = text.xcconfig; name = "Pods-GitHubAPI-Swift.debug.xcconfig"; path = "Target Support Files/Pods-GitHubAPI-Swift/Pods-GitHubAPI-Swift.debug.xcconfig"; sourceTree = "<group>"; };
/* End PBXFileReference section */

/* Begin PBXFrameworksBuildPhase section */
		B734B109254E84FB0000AA1B /* Frameworks */ = {
			isa = PBXFrameworksBuildPhase;
			buildActionMask = 2147483647;
			files = (
				FB3645DF7AD2CA2DD8ACED32 /* libPods-GitHubAPI-Swift.a in Frameworks */,
			);
			runOnlyForDeploymentPostprocessing = 0;
		};
/* End PBXFrameworksBuildPhase section */

/* Begin PBXGroup section */
		055F37D90B733061F135661A /* Pods */ = {
			isa = PBXGroup;
			children = (
				DF1F87035E01206D5F517A74 /* Pods-GitHubAPI-Swift.debug.xcconfig */,
				266B183C67726727001B9C2D /* Pods-GitHubAPI-Swift.release.xcconfig */,
			);
			path = Pods;
			sourceTree = "<group>";
		};
		B7063A15254F59A500CC1716 /* Model */ = {
			isa = PBXGroup;
			children = (
				B7063A23254FAD3F00CC1716 /* Repository */,
				B7063A22254FAD2E00CC1716 /* Commit */,
			);
			path = Model;
			sourceTree = "<group>";
		};
		B7063A22254FAD2E00CC1716 /* Commit */ = {
			isa = PBXGroup;
			children = (
				B7063A16254F59E200CC1716 /* CommitsResponse.swift */,
				B7063A24254FAED000CC1716 /* CommitAuthor.swift */,
				B7063A26254FAF3800CC1716 /* CommitCommiter.swift */,
				B7063A28254FAFFB00CC1716 /* Commit.swift */,
				B7063A2A254FB4F400CC1716 /* CommitParents.swift */,
			);
			path = Commit;
			sourceTree = "<group>";
		};
		B7063A23254FAD3F00CC1716 /* Repository */ = {
			isa = PBXGroup;
			children = (
				B7063A1A254F61CF00CC1716 /* RepositoryResponse.swift */,
				B7063A1C254F870700CC1716 /* RepositoryPermission.swift */,
				B7063A18254F609F00CC1716 /* RepositryOwner.swift */,
				B7063A1E254F8A1600CC1716 /* RepositoryLicense.swift */,
			);
			path = Repository;
			sourceTree = "<group>";
		};
		B734B103254E84FA0000AA1B = {
			isa = PBXGroup;
			children = (
				B734B10E254E84FB0000AA1B /* GitHubAPI-Swift */,
				B734B10D254E84FB0000AA1B /* Products */,
				055F37D90B733061F135661A /* Pods */,
				F8BBB50076C9EBC42DF31A39 /* Frameworks */,
			);
			sourceTree = "<group>";
		};
		B734B10D254E84FB0000AA1B /* Products */ = {
			isa = PBXGroup;
			children = (
				B734B10C254E84FB0000AA1B /* GitHubAPI-Swift.app */,
			);
			name = Products;
			sourceTree = "<group>";
		};
		B734B10E254E84FB0000AA1B /* GitHubAPI-Swift */ = {
			isa = PBXGroup;
			children = (
				B7063A15254F59A500CC1716 /* Model */,
				B734B10F254E84FB0000AA1B /* AppDelegate.swift */,
				B734B111254E84FB0000AA1B /* SceneDelegate.swift */,
				B7063A07254EA62100CC1716 /* LoginViewController.swift */,
				B7063A0F254F27A600CC1716 /* RepositoriesViewController.swift */,
				B7063A0B254F259600CC1716 /* RepositoriesViewCell.swift */,
				B734B125254E88430000AA1B /* CommitsViewController.swift */,
				B734B127254E88B70000AA1B /* CommitsViewCell.swift */,
				B7063A05254EA5A400CC1716 /* LoginViewController.storyboard */,
				B734B123254E87220000AA1B /* CommitsViewController.storyboard */,
				B734B118254E850E0000AA1B /* Assets.xcassets */,
				B734B11A254E850E0000AA1B /* LaunchScreen.storyboard */,
				B734B11D254E850E0000AA1B /* Info.plist */,
			);
			path = "GitHubAPI-Swift";
			sourceTree = "<group>";
		};
		F8BBB50076C9EBC42DF31A39 /* Frameworks */ = {
			isa = PBXGroup;
			children = (
				2D77C47E7D266DCEBA1AA456 /* libPods-GitHubAPI-Swift.a */,
			);
			name = Frameworks;
			sourceTree = "<group>";
		};
/* End PBXGroup section */

/* Begin PBXNativeTarget section */
		B734B10B254E84FB0000AA1B /* GitHubAPI-Swift */ = {
			isa = PBXNativeTarget;
			buildConfigurationList = B734B120254E850E0000AA1B /* Build configuration list for PBXNativeTarget "GitHubAPI-Swift" */;
			buildPhases = (
				856C647B0CF632EF50D4F8B7 /* [CP] Check Pods Manifest.lock */,
				B734B108254E84FB0000AA1B /* Sources */,
				B734B109254E84FB0000AA1B /* Frameworks */,
				B734B10A254E84FB0000AA1B /* Resources */,
			);
			buildRules = (
			);
			dependencies = (
			);
			name = "GitHubAPI-Swift";
			productName = "GitHubAPI-Swift";
			productReference = B734B10C254E84FB0000AA1B /* GitHubAPI-Swift.app */;
			productType = "com.apple.product-type.application";
		};
/* End PBXNativeTarget section */

/* Begin PBXProject section */
		B734B104254E84FA0000AA1B /* Project object */ = {
			isa = PBXProject;
			attributes = {
				LastSwiftUpdateCheck = 1160;
				LastUpgradeCheck = 1160;
				ORGANIZATIONNAME = "Polian Shpatina";
				TargetAttributes = {
					B734B10B254E84FB0000AA1B = {
						CreatedOnToolsVersion = 11.6;
					};
				};
			};
			buildConfigurationList = B734B107254E84FA0000AA1B /* Build configuration list for PBXProject "GitHubAPI-Swift" */;
			compatibilityVersion = "Xcode 9.3";
			developmentRegion = en;
			hasScannedForEncodings = 0;
			knownRegions = (
				en,
				Base,
			);
			mainGroup = B734B103254E84FA0000AA1B;
			productRefGroup = B734B10D254E84FB0000AA1B /* Products */;
			projectDirPath = "";
			projectRoot = "";
			targets = (
				B734B10B254E84FB0000AA1B /* GitHubAPI-Swift */,
			);
		};
/* End PBXProject section */

/* Begin PBXResourcesBuildPhase section */
		B734B10A254E84FB0000AA1B /* Resources */ = {
			isa = PBXResourcesBuildPhase;
			buildActionMask = 2147483647;
			files = (
				B734B124254E87220000AA1B /* CommitsViewController.storyboard in Resources */,
				B7063A06254EA5A400CC1716 /* LoginViewController.storyboard in Resources */,
				B734B11C254E850E0000AA1B /* LaunchScreen.storyboard in Resources */,
				B734B119254E850E0000AA1B /* Assets.xcassets in Resources */,
			);
			runOnlyForDeploymentPostprocessing = 0;
		};
/* End PBXResourcesBuildPhase section */

/* Begin PBXShellScriptBuildPhase section */
		856C647B0CF632EF50D4F8B7 /* [CP] Check Pods Manifest.lock */ = {
			isa = PBXShellScriptBuildPhase;
			buildActionMask = 2147483647;
			files = (
			);
			inputFileListPaths = (
			);
			inputPaths = (
				"${PODS_PODFILE_DIR_PATH}/Podfile.lock",
				"${PODS_ROOT}/Manifest.lock",
			);
			name = "[CP] Check Pods Manifest.lock";
			outputFileListPaths = (
			);
			outputPaths = (
				"$(DERIVED_FILE_DIR)/Pods-GitHubAPI-Swift-checkManifestLockResult.txt",
			);
			runOnlyForDeploymentPostprocessing = 0;
			shellPath = /bin/sh;
			shellScript = "diff \"${PODS_PODFILE_DIR_PATH}/Podfile.lock\" \"${PODS_ROOT}/Manifest.lock\" > /dev/null\nif [ $? != 0 ] ; then\n    # print error to STDERR\n    echo \"error: The sandbox is not in sync with the Podfile.lock. Run 'pod install' or update your CocoaPods installation.\" >&2\n    exit 1\nfi\n# This output is used by Xcode 'outputs' to avoid re-running this script phase.\necho \"SUCCESS\" > \"${SCRIPT_OUTPUT_FILE_0}\"\n";
			showEnvVarsInLog = 0;
		};
/* End PBXShellScriptBuildPhase section */

/* Begin PBXSourcesBuildPhase section */
		B734B108254E84FB0000AA1B /* Sources */ = {
			isa = PBXSourcesBuildPhase;
			buildActionMask = 2147483647;
			files = (
				B7063A29254FAFFB00CC1716 /* Commit.swift in Sources */,
				B7063A0C254F259600CC1716 /* RepositoriesViewCell.swift in Sources */,
				B734B128254E88B70000AA1B /* CommitsViewCell.swift in Sources */,
				B734B126254E88430000AA1B /* CommitsViewController.swift in Sources */,
				B7063A2B254FB4F400CC1716 /* CommitParents.swift in Sources */,
				B734B110254E84FB0000AA1B /* AppDelegate.swift in Sources */,
				B7063A27254FAF3800CC1716 /* CommitCommiter.swift in Sources */,
				B7063A1F254F8A1600CC1716 /* RepositoryLicense.swift in Sources */,
				B7063A1B254F61CF00CC1716 /* RepositoryResponse.swift in Sources */,
				B7063A1D254F870700CC1716 /* RepositoryPermission.swift in Sources */,
				B7063A08254EA62100CC1716 /* LoginViewController.swift in Sources */,
				B7063A17254F59E200CC1716 /* CommitsResponse.swift in Sources */,
				B7063A10254F27A600CC1716 /* RepositoriesViewController.swift in Sources */,
				B734B112254E84FB0000AA1B /* SceneDelegate.swift in Sources */,
				B7063A19254F609F00CC1716 /* RepositryOwner.swift in Sources */,
				B7063A25254FAED000CC1716 /* CommitAuthor.swift in Sources */,
			);
			runOnlyForDeploymentPostprocessing = 0;
		};
/* End PBXSourcesBuildPhase section */

/* Begin PBXVariantGroup section */
		B734B11A254E850E0000AA1B /* LaunchScreen.storyboard */ = {
			isa = PBXVariantGroup;
			children = (
				B734B11B254E850E0000AA1B /* Base */,
			);
			name = LaunchScreen.storyboard;
			sourceTree = "<group>";
		};
/* End PBXVariantGroup section */

/* Begin XCBuildConfiguration section */
		B734B11E254E850E0000AA1B /* Debug */ = {
			isa = XCBuildConfiguration;
			buildSettings = {
				ALWAYS_SEARCH_USER_PATHS = NO;
				CLANG_ANALYZER_NONNULL = YES;
				CLANG_ANALYZER_NUMBER_OBJECT_CONVERSION = YES_AGGRESSIVE;
				CLANG_CXX_LANGUAGE_STANDARD = "gnu++14";
				CLANG_CXX_LIBRARY = "libc++";
				CLANG_ENABLE_MODULES = YES;
				CLANG_ENABLE_OBJC_ARC = YES;
				CLANG_ENABLE_OBJC_WEAK = YES;
				CLANG_WARN_BLOCK_CAPTURE_AUTORELEASING = YES;
				CLANG_WARN_BOOL_CONVERSION = YES;
				CLANG_WARN_COMMA = YES;
				CLANG_WARN_CONSTANT_CONVERSION = YES;
				CLANG_WARN_DEPRECATED_OBJC_IMPLEMENTATIONS = YES;
				CLANG_WARN_DIRECT_OBJC_ISA_USAGE = YES_ERROR;
				CLANG_WARN_DOCUMENTATION_COMMENTS = YES;
				CLANG_WARN_EMPTY_BODY = YES;
				CLANG_WARN_ENUM_CONVERSION = YES;
				CLANG_WARN_INFINITE_RECURSION = YES;
				CLANG_WARN_INT_CONVERSION = YES;
				CLANG_WARN_NON_LITERAL_NULL_CONVERSION = YES;
				CLANG_WARN_OBJC_IMPLICIT_RETAIN_SELF = YES;
				CLANG_WARN_OBJC_LITERAL_CONVERSION = YES;
				CLANG_WARN_OBJC_ROOT_CLASS = YES_ERROR;
				CLANG_WARN_RANGE_LOOP_ANALYSIS = YES;
				CLANG_WARN_STRICT_PROTOTYPES = YES;
				CLANG_WARN_SUSPICIOUS_MOVE = YES;
				CLANG_WARN_UNGUARDED_AVAILABILITY = YES_AGGRESSIVE;
				CLANG_WARN_UNREACHABLE_CODE = YES;
				CLANG_WARN__DUPLICATE_METHOD_MATCH = YES;
				COPY_PHASE_STRIP = NO;
				DEBUG_INFORMATION_FORMAT = dwarf;
				ENABLE_STRICT_OBJC_MSGSEND = YES;
				ENABLE_TESTABILITY = YES;
				GCC_C_LANGUAGE_STANDARD = gnu11;
				GCC_DYNAMIC_NO_PIC = NO;
				GCC_NO_COMMON_BLOCKS = YES;
				GCC_OPTIMIZATION_LEVEL = 0;
				GCC_PREPROCESSOR_DEFINITIONS = (
					"DEBUG=1",
					"$(inherited)",
				);
				GCC_WARN_64_TO_32_BIT_CONVERSION = YES;
				GCC_WARN_ABOUT_RETURN_TYPE = YES_ERROR;
				GCC_WARN_UNDECLARED_SELECTOR = YES;
				GCC_WARN_UNINITIALIZED_AUTOS = YES_AGGRESSIVE;
				GCC_WARN_UNUSED_FUNCTION = YES;
				GCC_WARN_UNUSED_VARIABLE = YES;
				IPHONEOS_DEPLOYMENT_TARGET = 13.6;
				MTL_ENABLE_DEBUG_INFO = INCLUDE_SOURCE;
				MTL_FAST_MATH = YES;
				ONLY_ACTIVE_ARCH = YES;
				SDKROOT = iphoneos;
				SWIFT_ACTIVE_COMPILATION_CONDITIONS = DEBUG;
				SWIFT_OPTIMIZATION_LEVEL = "-Onone";
			};
			name = Debug;
		};
		B734B11F254E850E0000AA1B /* Release */ = {
			isa = XCBuildConfiguration;
			buildSettings = {
				ALWAYS_SEARCH_USER_PATHS = NO;
				CLANG_ANALYZER_NONNULL = YES;
				CLANG_ANALYZER_NUMBER_OBJECT_CONVERSION = YES_AGGRESSIVE;
				CLANG_CXX_LANGUAGE_STANDARD = "gnu++14";
				CLANG_CXX_LIBRARY = "libc++";
				CLANG_ENABLE_MODULES = YES;
				CLANG_ENABLE_OBJC_ARC = YES;
				CLANG_ENABLE_OBJC_WEAK = YES;
				CLANG_WARN_BLOCK_CAPTURE_AUTORELEASING = YES;
				CLANG_WARN_BOOL_CONVERSION = YES;
				CLANG_WARN_COMMA = YES;
				CLANG_WARN_CONSTANT_CONVERSION = YES;
				CLANG_WARN_DEPRECATED_OBJC_IMPLEMENTATIONS = YES;
				CLANG_WARN_DIRECT_OBJC_ISA_USAGE = YES_ERROR;
				CLANG_WARN_DOCUMENTATION_COMMENTS = YES;
				CLANG_WARN_EMPTY_BODY = YES;
				CLANG_WARN_ENUM_CONVERSION = YES;
				CLANG_WARN_INFINITE_RECURSION = YES;
				CLANG_WARN_INT_CONVERSION = YES;
				CLANG_WARN_NON_LITERAL_NULL_CONVERSION = YES;
				CLANG_WARN_OBJC_IMPLICIT_RETAIN_SELF = YES;
				CLANG_WARN_OBJC_LITERAL_CONVERSION = YES;
				CLANG_WARN_OBJC_ROOT_CLASS = YES_ERROR;
				CLANG_WARN_RANGE_LOOP_ANALYSIS = YES;
				CLANG_WARN_STRICT_PROTOTYPES = YES;
				CLANG_WARN_SUSPICIOUS_MOVE = YES;
				CLANG_WARN_UNGUARDED_AVAILABILITY = YES_AGGRESSIVE;
				CLANG_WARN_UNREACHABLE_CODE = YES;
				CLANG_WARN__DUPLICATE_METHOD_MATCH = YES;
				COPY_PHASE_STRIP = NO;
				DEBUG_INFORMATION_FORMAT = "dwarf-with-dsym";
				ENABLE_NS_ASSERTIONS = NO;
				ENABLE_STRICT_OBJC_MSGSEND = YES;
				GCC_C_LANGUAGE_STANDARD = gnu11;
				GCC_NO_COMMON_BLOCKS = YES;
				GCC_WARN_64_TO_32_BIT_CONVERSION = YES;
				GCC_WARN_ABOUT_RETURN_TYPE = YES_ERROR;
				GCC_WARN_UNDECLARED_SELECTOR = YES;
				GCC_WARN_UNINITIALIZED_AUTOS = YES_AGGRESSIVE;
				GCC_WARN_UNUSED_FUNCTION = YES;
				GCC_WARN_UNUSED_VARIABLE = YES;
				IPHONEOS_DEPLOYMENT_TARGET = 13.6;
				MTL_ENABLE_DEBUG_INFO = NO;
				MTL_FAST_MATH = YES;
				SDKROOT = iphoneos;
				SWIFT_COMPILATION_MODE = wholemodule;
				SWIFT_OPTIMIZATION_LEVEL = "-O";
				VALIDATE_PRODUCT = YES;
			};
			name = Release;
		};
		B734B121254E850E0000AA1B /* Debug */ = {
			isa = XCBuildConfiguration;
			baseConfigurationReference = DF1F87035E01206D5F517A74 /* Pods-GitHubAPI-Swift.debug.xcconfig */;
			buildSettings = {
				ASSETCATALOG_COMPILER_APPICON_NAME = AppIcon;
				CODE_SIGN_STYLE = Automatic;
				INFOPLIST_FILE = "GitHubAPI-Swift/Info.plist";
				LD_RUNPATH_SEARCH_PATHS = (
					"$(inherited)",
					"@executable_path/Frameworks",
				);
				PRODUCT_BUNDLE_IDENTIFIER = "com.polianshpatina.GitHubAPI-Swift";
				PRODUCT_NAME = "$(TARGET_NAME)";
				SWIFT_VERSION = 5.0;
				TARGETED_DEVICE_FAMILY = 1;
			};
			name = Debug;
		};
		B734B122254E850E0000AA1B /* Release */ = {
			isa = XCBuildConfiguration;
			baseConfigurationReference = 266B183C67726727001B9C2D /* Pods-GitHubAPI-Swift.release.xcconfig */;
			buildSettings = {
				ASSETCATALOG_COMPILER_APPICON_NAME = AppIcon;
				CODE_SIGN_STYLE = Automatic;
				INFOPLIST_FILE = "GitHubAPI-Swift/Info.plist";
				LD_RUNPATH_SEARCH_PATHS = (
					"$(inherited)",
					"@executable_path/Frameworks",
				);
				PRODUCT_BUNDLE_IDENTIFIER = "com.polianshpatina.GitHubAPI-Swift";
				PRODUCT_NAME = "$(TARGET_NAME)";
				SWIFT_VERSION = 5.0;
				TARGETED_DEVICE_FAMILY = 1;
			};
			name = Release;
		};
/* End XCBuildConfiguration section */

/* Begin XCConfigurationList section */
		B734B107254E84FA0000AA1B /* Build configuration list for PBXProject "GitHubAPI-Swift" */ = {
			isa = XCConfigurationList;
			buildConfigurations = (
				B734B11E254E850E0000AA1B /* Debug */,
				B734B11F254E850E0000AA1B /* Release */,
			);
			defaultConfigurationIsVisible = 0;
			defaultConfigurationName = Release;
		};
		B734B120254E850E0000AA1B /* Build configuration list for PBXNativeTarget "GitHubAPI-Swift" */ = {
			isa = XCConfigurationList;
			buildConfigurations = (
				B734B121254E850E0000AA1B /* Debug */,
				B734B122254E850E0000AA1B /* Release */,
			);
			defaultConfigurationIsVisible = 0;
			defaultConfigurationName = Release;
		};
/* End XCConfigurationList section */
	};
	rootObject = B734B104254E84FA0000AA1B /* Project object */;
}
